
Microsoft Visual Studio Solution File, Format Version 12.00
# Visual Studio Version 17
VisualStudioVersion = 17.1.32319.34
MinimumVisualStudioVersion = 10.0.40219.1
Project("{9A19103F-16F7-4668-BE54-9A1E7A4F7556}") = "Movies.API", "Movies.API\Movies.API.csproj", "{CEE012A7-4B43-4340-86F0-C62D4DE1C024}"
EndProject
Project("{9A19103F-16F7-4668-BE54-9A1E7A4F7556}") = "IdentityServer", "IdentityServer\IdentityServer.csproj", "{1B790EEE-78AE-4866-BC09-D8646954CF51}"
EndProject
Project("{9A19103F-16F7-4668-BE54-9A1E7A4F7556}") = "Movies.Client", "Movies.Client\Movies.Client.csproj", "{C75FFE5B-A709-4A4A-9AD1-5547B15722B7}"
EndProject
Project("{FAE04EC0-301F-11D3-BF4B-00C04F79EFBC}") = "ApiGateway", "ApiGateway\ApiGateway.csproj", "{923EC1D1-CB13-4F46-9AC2-94AE6DA0362B}"
EndProject
Global
	GlobalSection(SolutionConfigurationPlatforms) = preSolution
		Debug|Any CPU = Debug|Any CPU
		Release|Any CPU = Release|Any CPU
	EndGlobalSection
	GlobalSection(ProjectConfigurationPlatforms) = postSolution
		{CEE012A7-4B43-4340-86F0-C62D4DE1C024}.Debug|Any CPU.ActiveCfg = Debug|Any CPU
		{CEE012A7-4B43-4340-86F0-C62D4DE1C024}.Debug|Any CPU.Build.0 = Debug|Any CPU
		{CEE012A7-4B43-4340-86F0-C62D4DE1C024}.Release|Any CPU.ActiveCfg = Release|Any CPU
		{CEE012A7-4B43-4340-86F0-C62D4DE1C024}.Release|Any CPU.Build.0 = Release|Any CPU
		{1B790EEE-78AE-4866-BC09-D8646954CF51}.Debug|Any CPU.ActiveCfg = Debug|Any CPU
		{1B790EEE-78AE-4866-BC09-D8646954CF51}.Debug|Any CPU.Build.0 = Debug|Any CPU
		{1B790EEE-78AE-4866-BC09-D8646954CF51}.Release|Any CPU.ActiveCfg = Release|Any CPU
		{1B790EEE-78AE-4866-BC09-D8646954CF51}.Release|Any CPU.Build.0 = Release|Any CPU
		{C75FFE5B-A709-4A4A-9AD1-5547B15722B7}.Debug|Any CPU.ActiveCfg = Debug|Any CPU
		{C75FFE5B-A709-4A4A-9AD1-5547B15722B7}.Debug|Any CPU.Build.0 = Debug|Any CPU
		{C75FFE5B-A709-4A4A-9AD1-5547B15722B7}.Release|Any CPU.ActiveCfg = Release|Any CPU
		{C75FFE5B-A709-4A4A-9AD1-5547B15722B7}.Release|Any CPU.Build.0 = Release|Any CPU
		{923EC1D1-CB13-4F46-9AC2-94AE6DA0362B}.Debug|Any CPU.ActiveCfg = Debug|Any CPU
		{923EC1D1-CB13-4F46-9AC2-94AE6DA0362B}.Debug|Any CPU.Build.0 = Debug|Any CPU
		{923EC1D1-CB13-4F46-9AC2-94AE6DA0362B}.Release|Any CPU.ActiveCfg = Release|Any CPU
		{923EC1D1-CB13-4F46-9AC2-94AE6DA0362B}.Release|Any CPU.Build.0 = Release|Any CPU
	EndGlobalSection
	GlobalSection(SolutionProperties) = preSolution
		HideSolutionNode = FALSE
	EndGlobalSection
	GlobalSection(ExtensibilityGlobals) = postSolution
		SolutionGuid = {B8FB2679-B231-45C0-BA0A-0E0FD60A30F2}
	EndGlobalSection
EndGlobal
